
Microsoft Visual Studio Solution File, Format Version 12.00
# Visual Studio 15
VisualStudioVersion = 15.0.28010.2036
MinimumVisualStudioVersion = 10.0.40219.1
Project("{FAE04EC0-301F-11D3-BF4B-00C04F79EFBC}") = "SalaryPaymentReport", "SalaryPaymentReport\SalaryPaymentReport.csproj", "{EF1FF427-13A7-4CB6-A6B5-5D45FD76624D}"
EndProject
Project("{FAE04EC0-301F-11D3-BF4B-00C04F79EFBC}") = "SalaryPaymentReportTest", "SalaryPaymentReportTest\SalaryPaymentReportTest.csproj", "{EACE5345-D04C-4B30-A414-7DDB80C153C8}"
EndProject
Global
	GlobalSection(SolutionConfigurationPlatforms) = preSolution
		Debug|Any CPU = Debug|Any CPU
		Release|Any CPU = Release|Any CPU
	EndGlobalSection
	GlobalSection(ProjectConfigurationPlatforms) = postSolution
		{EF1FF427-13A7-4CB6-A6B5-5D45FD76624D}.Debug|Any CPU.ActiveCfg = Debug|Any CPU
		{EF1FF427-13A7-4CB6-A6B5-5D45FD76624D}.Debug|Any CPU.Build.0 = Debug|Any CPU
		{EF1FF427-13A7-4CB6-A6B5-5D45FD76624D}.Release|Any CPU.ActiveCfg = Release|Any CPU
		{EF1FF427-13A7-4CB6-A6B5-5D45FD76624D}.Release|Any CPU.Build.0 = Release|Any CPU
		{EACE5345-D04C-4B30-A414-7DDB80C153C8}.Debug|Any CPU.ActiveCfg = Debug|Any CPU
		{EACE5345-D04C-4B30-A414-7DDB80C153C8}.Debug|Any CPU.Build.0 = Debug|Any CPU
		{EACE5345-D04C-4B30-A414-7DDB80C153C8}.Release|Any CPU.ActiveCfg = Release|Any CPU
		{EACE5345-D04C-4B30-A414-7DDB80C153C8}.Release|Any CPU.Build.0 = Release|Any CPU
	EndGlobalSection
	GlobalSection(SolutionProperties) = preSolution
		HideSolutionNode = FALSE
	EndGlobalSection
	GlobalSection(ExtensibilityGlobals) = postSolution
		SolutionGuid = {F369529E-2381-4F1A-9868-A53DD7DD2681}
	EndGlobalSection
EndGlobal
